
Microsoft Visual Studio Solution File, Format Version 12.00
# Visual Studio Version 17
VisualStudioVersion = 17.6.33829.357
MinimumVisualStudioVersion = 10.0.40219.1
Project("{FAE04EC0-301F-11D3-BF4B-00C04F79EFBC}") = "BlackSilence", "BlackSilence\BlackSilence.csproj", "{1AE9DDE2-F70F-441B-B30D-EF949E26E531}"
EndProject
Global
	GlobalSection(SolutionConfigurationPlatforms) = preSolution
		Debug|Any CPU = Debug|Any CPU
		Release|Any CPU = Release|Any CPU
	EndGlobalSection
	GlobalSection(ProjectConfigurationPlatforms) = postSolution
		{1AE9DDE2-F70F-441B-B30D-EF949E26E531}.Debug|Any CPU.ActiveCfg = Debug|Any CPU
		{1AE9DDE2-F70F-441B-B30D-EF949E26E531}.Debug|Any CPU.Build.0 = Debug|Any CPU
		{1AE9DDE2-F70F-441B-B30D-EF949E26E531}.Release|Any CPU.ActiveCfg = Release|Any CPU
		{1AE9DDE2-F70F-441B-B30D-EF949E26E531}.Release|Any CPU.Build.0 = Release|Any CPU
	EndGlobalSection
	GlobalSection(SolutionProperties) = preSolution
		HideSolutionNode = FALSE
	EndGlobalSection
	GlobalSection(ExtensibilityGlobals) = postSolution
		SolutionGuid = {C2F20FCB-5F4B-4B87-93C6-1C8089D6DD29}
	EndGlobalSection
EndGlobal
